
Microsoft Visual Studio Solution File, Format Version 12.00
# Visual Studio 2012
# SharpDevelop 5.1
VisualStudioVersion = 12.0.20827.3
MinimumVisualStudioVersion = 10.0.40219.1
Project("{FAE04EC0-301F-11D3-BF4B-00C04F79EFBC}") = "MVP", "MVP\MVP.csproj", "{AF7657C7-1CB2-4828-8F83-E99AE9ABE544}"
EndProject
Global
	GlobalSection(SolutionConfigurationPlatforms) = preSolution
		Debug|Any CPU = Debug|Any CPU
		Release|Any CPU = Release|Any CPU
	EndGlobalSection
	GlobalSection(ProjectConfigurationPlatforms) = postSolution
		{AF7657C7-1CB2-4828-8F83-E99AE9ABE544}.Debug|Any CPU.ActiveCfg = Debug|Any CPU
		{AF7657C7-1CB2-4828-8F83-E99AE9ABE544}.Debug|Any CPU.Build.0 = Debug|Any CPU
		{AF7657C7-1CB2-4828-8F83-E99AE9ABE544}.Release|Any CPU.ActiveCfg = Release|Any CPU
		{AF7657C7-1CB2-4828-8F83-E99AE9ABE544}.Release|Any CPU.Build.0 = Release|Any CPU
	EndGlobalSection
EndGlobal
